// !$*UTF8*$!
{
	archiveVersion = 1;
	classes = {
	};
	objectVersion = 50;
	objects = {

/* Begin PBXBuildFile section */
		201EA9123C65855CA392A771 /* Pods_TranslateBar.framework in Frameworks */ = {isa = PBXBuildFile; fileRef = A2EF2583E33E48E9A043C650 /* Pods_TranslateBar.framework */; };
		A1C38D4F217BCE94002B4995 /* AppDelegate.swift in Sources */ = {isa = PBXBuildFile; fileRef = A1C38D4E217BCE94002B4995 /* AppDelegate.swift */; };
		A1C38D51217BCE94002B4995 /* ViewController.swift in Sources */ = {isa = PBXBuildFile; fileRef = A1C38D50217BCE94002B4995 /* ViewController.swift */; };
		A1C38D54217BCE94002B4995 /* TranslateBar.xcdatamodeld in Sources */ = {isa = PBXBuildFile; fileRef = A1C38D52217BCE94002B4995 /* TranslateBar.xcdatamodeld */; };
		A1C38D56217BCE95002B4995 /* Assets.xcassets in Resources */ = {isa = PBXBuildFile; fileRef = A1C38D55217BCE95002B4995 /* Assets.xcassets */; };
		A1C38D59217BCE95002B4995 /* Main.storyboard in Resources */ = {isa = PBXBuildFile; fileRef = A1C38D57217BCE95002B4995 /* Main.storyboard */; };
		A1C38D65217BCE95002B4995 /* TranslateBarTests.swift in Sources */ = {isa = PBXBuildFile; fileRef = A1C38D64217BCE95002B4995 /* TranslateBarTests.swift */; };
		A1C38D7A217BD615002B4995 /* Storyboards.swift in Sources */ = {isa = PBXBuildFile; fileRef = A1C38D73217BD615002B4995 /* Storyboards.swift */; };
		A1C38D7B217BD615002B4995 /* Fonts.swift in Sources */ = {isa = PBXBuildFile; fileRef = A1C38D74217BD615002B4995 /* Fonts.swift */; };
		A1C38D7C217BD615002B4995 /* Images.swift in Sources */ = {isa = PBXBuildFile; fileRef = A1C38D75217BD615002B4995 /* Images.swift */; };
		A1C38D7D217BD615002B4995 /* Roboto-Regular.ttf in Resources */ = {isa = PBXBuildFile; fileRef = A1C38D77217BD615002B4995 /* Roboto-Regular.ttf */; };
		A1C38D7E217BD615002B4995 /* Assets.xcassets in Resources */ = {isa = PBXBuildFile; fileRef = A1C38D79217BD615002B4995 /* Assets.xcassets */; };
		BAB02A0166889967FB9AED56 /* Pods_TranslateBarTests.framework in Frameworks */ = {isa = PBXBuildFile; fileRef = 3E3FB21D7767B85CD6420300 /* Pods_TranslateBarTests.framework */; };
/* End PBXBuildFile section */

/* Begin PBXContainerItemProxy section */
		A1C38D61217BCE95002B4995 /* PBXContainerItemProxy */ = {
			isa = PBXContainerItemProxy;
			containerPortal = A1C38D43217BCE94002B4995 /* Project object */;
			proxyType = 1;
			remoteGlobalIDString = A1C38D4A217BCE94002B4995;
			remoteInfo = TranslateBar;
		};
/* End PBXContainerItemProxy section */

/* Begin PBXFileReference section */
		3E3FB21D7767B85CD6420300 /* Pods_TranslateBarTests.framework */ = {isa = PBXFileReference; explicitFileType = wrapper.framework; includeInIndex = 0; path = Pods_TranslateBarTests.framework; sourceTree = BUILT_PRODUCTS_DIR; };
		45D88CE1547694DA55AB519F /* Pods-TranslateBarTests.release.xcconfig */ = {isa = PBXFileReference; includeInIndex = 1; lastKnownFileType = text.xcconfig; name = "Pods-TranslateBarTests.release.xcconfig"; path = "Pods/Target Support Files/Pods-TranslateBarTests/Pods-TranslateBarTests.release.xcconfig"; sourceTree = "<group>"; };
		5603A2F3FB34E27C5EEAD0A8 /* Pods-TranslateBar.release.xcconfig */ = {isa = PBXFileReference; includeInIndex = 1; lastKnownFileType = text.xcconfig; name = "Pods-TranslateBar.release.xcconfig"; path = "Pods/Target Support Files/Pods-TranslateBar/Pods-TranslateBar.release.xcconfig"; sourceTree = "<group>"; };
		91D99F40A55F48D092E9961E /* Pods-TranslateBarTests.debug.xcconfig */ = {isa = PBXFileReference; includeInIndex = 1; lastKnownFileType = text.xcconfig; name = "Pods-TranslateBarTests.debug.xcconfig"; path = "Pods/Target Support Files/Pods-TranslateBarTests/Pods-TranslateBarTests.debug.xcconfig"; sourceTree = "<group>"; };
		A1C38D4B217BCE94002B4995 /* TranslateBar.app */ = {isa = PBXFileReference; explicitFileType = wrapper.application; includeInIndex = 0; path = TranslateBar.app; sourceTree = BUILT_PRODUCTS_DIR; };
		A1C38D4E217BCE94002B4995 /* AppDelegate.swift */ = {isa = PBXFileReference; lastKnownFileType = sourcecode.swift; path = AppDelegate.swift; sourceTree = "<group>"; };
		A1C38D50217BCE94002B4995 /* ViewController.swift */ = {isa = PBXFileReference; lastKnownFileType = sourcecode.swift; path = ViewController.swift; sourceTree = "<group>"; };
		A1C38D53217BCE94002B4995 /* TranslateBar.xcdatamodel */ = {isa = PBXFileReference; lastKnownFileType = wrapper.xcdatamodel; path = TranslateBar.xcdatamodel; sourceTree = "<group>"; };
		A1C38D55217BCE95002B4995 /* Assets.xcassets */ = {isa = PBXFileReference; lastKnownFileType = folder.assetcatalog; path = Assets.xcassets; sourceTree = "<group>"; };
		A1C38D58217BCE95002B4995 /* Base */ = {isa = PBXFileReference; lastKnownFileType = file.storyboard; name = Base; path = Base.lproj/Main.storyboard; sourceTree = "<group>"; };
		A1C38D5A217BCE95002B4995 /* Info.plist */ = {isa = PBXFileReference; lastKnownFileType = text.plist.xml; path = Info.plist; sourceTree = "<group>"; };
		A1C38D5B217BCE95002B4995 /* TranslateBar.entitlements */ = {isa = PBXFileReference; lastKnownFileType = text.plist.entitlements; path = TranslateBar.entitlements; sourceTree = "<group>"; };
		A1C38D60217BCE95002B4995 /* TranslateBarTests.xctest */ = {isa = PBXFileReference; explicitFileType = wrapper.cfbundle; includeInIndex = 0; path = TranslateBarTests.xctest; sourceTree = BUILT_PRODUCTS_DIR; };
		A1C38D64217BCE95002B4995 /* TranslateBarTests.swift */ = {isa = PBXFileReference; lastKnownFileType = sourcecode.swift; path = TranslateBarTests.swift; sourceTree = "<group>"; };
		A1C38D66217BCE95002B4995 /* Info.plist */ = {isa = PBXFileReference; lastKnownFileType = text.plist.xml; path = Info.plist; sourceTree = "<group>"; };
		A1C38D73217BD615002B4995 /* Storyboards.swift */ = {isa = PBXFileReference; fileEncoding = 4; lastKnownFileType = sourcecode.swift; path = Storyboards.swift; sourceTree = "<group>"; };
		A1C38D74217BD615002B4995 /* Fonts.swift */ = {isa = PBXFileReference; fileEncoding = 4; lastKnownFileType = sourcecode.swift; path = Fonts.swift; sourceTree = "<group>"; };
		A1C38D75217BD615002B4995 /* Images.swift */ = {isa = PBXFileReference; fileEncoding = 4; lastKnownFileType = sourcecode.swift; path = Images.swift; sourceTree = "<group>"; };
		A1C38D77217BD615002B4995 /* Roboto-Regular.ttf */ = {isa = PBXFileReference; lastKnownFileType = file; path = "Roboto-Regular.ttf"; sourceTree = "<group>"; };
		A1C38D79217BD615002B4995 /* Assets.xcassets */ = {isa = PBXFileReference; lastKnownFileType = folder.assetcatalog; path = Assets.xcassets; sourceTree = "<group>"; };
		A2EF2583E33E48E9A043C650 /* Pods_TranslateBar.framework */ = {isa = PBXFileReference; explicitFileType = wrapper.framework; includeInIndex = 0; path = Pods_TranslateBar.framework; sourceTree = BUILT_PRODUCTS_DIR; };
		E6CBB06E337AE4525FB78EED /* Pods-TranslateBar.debug.xcconfig */ = {isa = PBXFileReference; includeInIndex = 1; lastKnownFileType = text.xcconfig; name = "Pods-TranslateBar.debug.xcconfig"; path = "Pods/Target Support Files/Pods-TranslateBar/Pods-TranslateBar.debug.xcconfig"; sourceTree = "<group>"; };
/* End PBXFileReference section */

/* Begin PBXFrameworksBuildPhase section */
		A1C38D48217BCE94002B4995 /* Frameworks */ = {
			isa = PBXFrameworksBuildPhase;
			buildActionMask = 2147483647;
			files = (
				201EA9123C65855CA392A771 /* Pods_TranslateBar.framework in Frameworks */,
			);
			runOnlyForDeploymentPostprocessing = 0;
		};
		A1C38D5D217BCE95002B4995 /* Frameworks */ = {
			isa = PBXFrameworksBuildPhase;
			buildActionMask = 2147483647;
			files = (
				BAB02A0166889967FB9AED56 /* Pods_TranslateBarTests.framework in Frameworks */,
			);
			runOnlyForDeploymentPostprocessing = 0;
		};
/* End PBXFrameworksBuildPhase section */

/* Begin PBXGroup section */
		3EFB008A522059AFFDE043A3 /* Pods */ = {
			isa = PBXGroup;
			children = (
				E6CBB06E337AE4525FB78EED /* Pods-TranslateBar.debug.xcconfig */,
				5603A2F3FB34E27C5EEAD0A8 /* Pods-TranslateBar.release.xcconfig */,
				91D99F40A55F48D092E9961E /* Pods-TranslateBarTests.debug.xcconfig */,
				45D88CE1547694DA55AB519F /* Pods-TranslateBarTests.release.xcconfig */,
			);
			name = Pods;
			sourceTree = "<group>";
		};
		A1C38D42217BCE94002B4995 = {
			isa = PBXGroup;
			children = (
				A1C38D4D217BCE94002B4995 /* TranslateBar */,
				A1C38D63217BCE95002B4995 /* TranslateBarTests */,
				A1C38D4C217BCE94002B4995 /* Products */,
				3EFB008A522059AFFDE043A3 /* Pods */,
				BF8A8F9DABC0CAEC8A611A69 /* Frameworks */,
			);
			sourceTree = "<group>";
		};
		A1C38D4C217BCE94002B4995 /* Products */ = {
			isa = PBXGroup;
			children = (
				A1C38D4B217BCE94002B4995 /* TranslateBar.app */,
				A1C38D60217BCE95002B4995 /* TranslateBarTests.xctest */,
			);
			name = Products;
			sourceTree = "<group>";
		};
		A1C38D4D217BCE94002B4995 /* TranslateBar */ = {
			isa = PBXGroup;
			children = (
				A1C38D4E217BCE94002B4995 /* AppDelegate.swift */,
				A1C38D71217BD615002B4995 /* Resources */,
				A1C38D50217BCE94002B4995 /* ViewController.swift */,
				A1C38D55217BCE95002B4995 /* Assets.xcassets */,
				A1C38D7F217BD679002B4995 /* Screens */,
				A1C38D5A217BCE95002B4995 /* Info.plist */,
				A1C38D5B217BCE95002B4995 /* TranslateBar.entitlements */,
				A1C38D52217BCE94002B4995 /* TranslateBar.xcdatamodeld */,
			);
			path = TranslateBar;
			sourceTree = "<group>";
		};
		A1C38D63217BCE95002B4995 /* TranslateBarTests */ = {
			isa = PBXGroup;
			children = (
				A1C38D64217BCE95002B4995 /* TranslateBarTests.swift */,
				A1C38D66217BCE95002B4995 /* Info.plist */,
			);
			path = TranslateBarTests;
			sourceTree = "<group>";
		};
		A1C38D71217BD615002B4995 /* Resources */ = {
			isa = PBXGroup;
			children = (
				A1C38D72217BD615002B4995 /* Generated */,
				A1C38D76217BD615002B4995 /* Fonts */,
				A1C38D78217BD615002B4995 /* Assets */,
			);
			path = Resources;
			sourceTree = "<group>";
		};
		A1C38D72217BD615002B4995 /* Generated */ = {
			isa = PBXGroup;
			children = (
				A1C38D73217BD615002B4995 /* Storyboards.swift */,
				A1C38D74217BD615002B4995 /* Fonts.swift */,
				A1C38D75217BD615002B4995 /* Images.swift */,
			);
			path = Generated;
			sourceTree = "<group>";
		};
		A1C38D76217BD615002B4995 /* Fonts */ = {
			isa = PBXGroup;
			children = (
				A1C38D77217BD615002B4995 /* Roboto-Regular.ttf */,
			);
			path = Fonts;
			sourceTree = "<group>";
		};
		A1C38D78217BD615002B4995 /* Assets */ = {
			isa = PBXGroup;
			children = (
				A1C38D79217BD615002B4995 /* Assets.xcassets */,
			);
			path = Assets;
			sourceTree = "<group>";
		};
		A1C38D7F217BD679002B4995 /* Screens */ = {
			isa = PBXGroup;
			children = (
				A1C38D57217BCE95002B4995 /* Main.storyboard */,
			);
			path = Screens;
			sourceTree = "<group>";
		};
		BF8A8F9DABC0CAEC8A611A69 /* Frameworks */ = {
			isa = PBXGroup;
			children = (
				A2EF2583E33E48E9A043C650 /* Pods_TranslateBar.framework */,
				3E3FB21D7767B85CD6420300 /* Pods_TranslateBarTests.framework */,
			);
			name = Frameworks;
			sourceTree = "<group>";
		};
/* End PBXGroup section */

/* Begin PBXNativeTarget section */
		A1C38D4A217BCE94002B4995 /* TranslateBar */ = {
			isa = PBXNativeTarget;
			buildConfigurationList = A1C38D69217BCE95002B4995 /* Build configuration list for PBXNativeTarget "TranslateBar" */;
			buildPhases = (
				F6C21FC76526EDE25D27C259 /* [CP] Check Pods Manifest.lock */,
				A1C38D47217BCE94002B4995 /* Sources */,
				A1C38D48217BCE94002B4995 /* Frameworks */,
				A1C38D49217BCE94002B4995 /* Resources */,
				A6522CBE6F6952F066D0F17A /* [CP] Embed Pods Frameworks */,
				A1C38D70217BD5D8002B4995 /* ShellScript */,
			);
			buildRules = (
			);
			dependencies = (
			);
			name = TranslateBar;
			productName = TranslateBar;
			productReference = A1C38D4B217BCE94002B4995 /* TranslateBar.app */;
			productType = "com.apple.product-type.application";
		};
		A1C38D5F217BCE95002B4995 /* TranslateBarTests */ = {
			isa = PBXNativeTarget;
			buildConfigurationList = A1C38D6C217BCE95002B4995 /* Build configuration list for PBXNativeTarget "TranslateBarTests" */;
			buildPhases = (
				2E60A4E43E4C53F854AB0359 /* [CP] Check Pods Manifest.lock */,
				A1C38D5C217BCE95002B4995 /* Sources */,
				A1C38D5D217BCE95002B4995 /* Frameworks */,
				A1C38D5E217BCE95002B4995 /* Resources */,
			);
			buildRules = (
			);
			dependencies = (
				A1C38D62217BCE95002B4995 /* PBXTargetDependency */,
			);
			name = TranslateBarTests;
			productName = TranslateBarTests;
			productReference = A1C38D60217BCE95002B4995 /* TranslateBarTests.xctest */;
			productType = "com.apple.product-type.bundle.unit-test";
		};
/* End PBXNativeTarget section */

/* Begin PBXProject section */
		A1C38D43217BCE94002B4995 /* Project object */ = {
			isa = PBXProject;
			attributes = {
				LastSwiftUpdateCheck = 1000;
				LastUpgradeCheck = 1000;
				ORGANIZATIONNAME = "Artem Bobrov";
				TargetAttributes = {
					A1C38D4A217BCE94002B4995 = {
						CreatedOnToolsVersion = 10.0;
					};
					A1C38D5F217BCE95002B4995 = {
						CreatedOnToolsVersion = 10.0;
						TestTargetID = A1C38D4A217BCE94002B4995;
					};
				};
			};
			buildConfigurationList = A1C38D46217BCE94002B4995 /* Build configuration list for PBXProject "TranslateBar" */;
			compatibilityVersion = "Xcode 9.3";
			developmentRegion = en;
			hasScannedForEncodings = 0;
			knownRegions = (
				en,
				Base,
			);
			mainGroup = A1C38D42217BCE94002B4995;
			productRefGroup = A1C38D4C217BCE94002B4995 /* Products */;
			projectDirPath = "";
			projectRoot = "";
			targets = (
				A1C38D4A217BCE94002B4995 /* TranslateBar */,
				A1C38D5F217BCE95002B4995 /* TranslateBarTests */,
			);
		};
/* End PBXProject section */

/* Begin PBXResourcesBuildPhase section */
		A1C38D49217BCE94002B4995 /* Resources */ = {
			isa = PBXResourcesBuildPhase;
			buildActionMask = 2147483647;
			files = (
				A1C38D7D217BD615002B4995 /* Roboto-Regular.ttf in Resources */,
				A1C38D56217BCE95002B4995 /* Assets.xcassets in Resources */,
				A1C38D7E217BD615002B4995 /* Assets.xcassets in Resources */,
				A1C38D59217BCE95002B4995 /* Main.storyboard in Resources */,
			);
			runOnlyForDeploymentPostprocessing = 0;
		};
		A1C38D5E217BCE95002B4995 /* Resources */ = {
			isa = PBXResourcesBuildPhase;
			buildActionMask = 2147483647;
			files = (
			);
			runOnlyForDeploymentPostprocessing = 0;
		};
/* End PBXResourcesBuildPhase section */

/* Begin PBXShellScriptBuildPhase section */
		2E60A4E43E4C53F854AB0359 /* [CP] Check Pods Manifest.lock */ = {
			isa = PBXShellScriptBuildPhase;
			buildActionMask = 2147483647;
			files = (
			);
			inputPaths = (
				"${PODS_PODFILE_DIR_PATH}/Podfile.lock",
				"${PODS_ROOT}/Manifest.lock",
			);
			name = "[CP] Check Pods Manifest.lock";
			outputPaths = (
				"$(DERIVED_FILE_DIR)/Pods-TranslateBarTests-checkManifestLockResult.txt",
			);
			runOnlyForDeploymentPostprocessing = 0;
			shellPath = /bin/sh;
			shellScript = "diff \"${PODS_PODFILE_DIR_PATH}/Podfile.lock\" \"${PODS_ROOT}/Manifest.lock\" > /dev/null\nif [ $? != 0 ] ; then\n    # print error to STDERR\n    echo \"error: The sandbox is not in sync with the Podfile.lock. Run 'pod install' or update your CocoaPods installation.\" >&2\n    exit 1\nfi\n# This output is used by Xcode 'outputs' to avoid re-running this script phase.\necho \"SUCCESS\" > \"${SCRIPT_OUTPUT_FILE_0}\"\n";
			showEnvVarsInLog = 0;
		};
		A1C38D70217BD5D8002B4995 /* ShellScript */ = {
			isa = PBXShellScriptBuildPhase;
			buildActionMask = 2147483647;
			files = (
			);
			inputFileListPaths = (
			);
			inputPaths = (
			);
			outputFileListPaths = (
			);
			outputPaths = (
			);
			runOnlyForDeploymentPostprocessing = 0;
			shellPath = /bin/sh;
			shellScript = "if which swiftlint >/dev/null; then\n    swiftlint\nelse\n    echo \"warning: SwiftLint not installed, download from https://github.com/realm/SwiftLint\"\nfi\n";
		};
		A6522CBE6F6952F066D0F17A /* [CP] Embed Pods Frameworks */ = {
			isa = PBXShellScriptBuildPhase;
			buildActionMask = 2147483647;
			files = (
			);
			inputPaths = (
				"${SRCROOT}/Pods/Target Support Files/Pods-TranslateBar/Pods-TranslateBar-frameworks.sh",
				"${BUILT_PRODUCTS_DIR}/Alamofire/Alamofire.framework",
				"${BUILT_PRODUCTS_DIR}/ITSwitch/ITSwitch.framework",
				"${BUILT_PRODUCTS_DIR}/KeyHolder/KeyHolder.framework",
				"${BUILT_PRODUCTS_DIR}/Keys/Keys.framework",
				"${BUILT_PRODUCTS_DIR}/Magnet/Magnet.framework",
				"${BUILT_PRODUCTS_DIR}/Moya/Moya.framework",
				"${BUILT_PRODUCTS_DIR}/Result/Result.framework",
				"${BUILT_PRODUCTS_DIR}/RxCocoa/RxCocoa.framework",
				"${BUILT_PRODUCTS_DIR}/RxSwift/RxSwift.framework",
				"${BUILT_PRODUCTS_DIR}/RxSwiftExt/RxSwiftExt.framework",
			);
			name = "[CP] Embed Pods Frameworks";
			outputPaths = (
				"${TARGET_BUILD_DIR}/${FRAMEWORKS_FOLDER_PATH}/Alamofire.framework",
				"${TARGET_BUILD_DIR}/${FRAMEWORKS_FOLDER_PATH}/ITSwitch.framework",
				"${TARGET_BUILD_DIR}/${FRAMEWORKS_FOLDER_PATH}/KeyHolder.framework",
				"${TARGET_BUILD_DIR}/${FRAMEWORKS_FOLDER_PATH}/Keys.framework",
				"${TARGET_BUILD_DIR}/${FRAMEWORKS_FOLDER_PATH}/Magnet.framework",
				"${TARGET_BUILD_DIR}/${FRAMEWORKS_FOLDER_PATH}/Moya.framework",
				"${TARGET_BUILD_DIR}/${FRAMEWORKS_FOLDER_PATH}/Result.framework",
				"${TARGET_BUILD_DIR}/${FRAMEWORKS_FOLDER_PATH}/RxCocoa.framework",
				"${TARGET_BUILD_DIR}/${FRAMEWORKS_FOLDER_PATH}/RxSwift.framework",
				"${TARGET_BUILD_DIR}/${FRAMEWORKS_FOLDER_PATH}/RxSwiftExt.framework",
			);
			runOnlyForDeploymentPostprocessing = 0;
			shellPath = /bin/sh;
			shellScript = "\"${SRCROOT}/Pods/Target Support Files/Pods-TranslateBar/Pods-TranslateBar-frameworks.sh\"\n";
			showEnvVarsInLog = 0;
		};
		F6C21FC76526EDE25D27C259 /* [CP] Check Pods Manifest.lock */ = {
			isa = PBXShellScriptBuildPhase;
			buildActionMask = 2147483647;
			files = (
			);
			inputPaths = (
				"${PODS_PODFILE_DIR_PATH}/Podfile.lock",
				"${PODS_ROOT}/Manifest.lock",
			);
			name = "[CP] Check Pods Manifest.lock";
			outputPaths = (
				"$(DERIVED_FILE_DIR)/Pods-TranslateBar-checkManifestLockResult.txt",
			);
			runOnlyForDeploymentPostprocessing = 0;
			shellPath = /bin/sh;
			shellScript = "diff \"${PODS_PODFILE_DIR_PATH}/Podfile.lock\" \"${PODS_ROOT}/Manifest.lock\" > /dev/null\nif [ $? != 0 ] ; then\n    # print error to STDERR\n    echo \"error: The sandbox is not in sync with the Podfile.lock. Run 'pod install' or update your CocoaPods installation.\" >&2\n    exit 1\nfi\n# This output is used by Xcode 'outputs' to avoid re-running this script phase.\necho \"SUCCESS\" > \"${SCRIPT_OUTPUT_FILE_0}\"\n";
			showEnvVarsInLog = 0;
		};
/* End PBXShellScriptBuildPhase section */

/* Begin PBXSourcesBuildPhase section */
		A1C38D47217BCE94002B4995 /* Sources */ = {
			isa = PBXSourcesBuildPhase;
			buildActionMask = 2147483647;
			files = (
				A1C38D7A217BD615002B4995 /* Storyboards.swift in Sources */,
				A1C38D7C217BD615002B4995 /* Images.swift in Sources */,
				A1C38D7B217BD615002B4995 /* Fonts.swift in Sources */,
				A1C38D51217BCE94002B4995 /* ViewController.swift in Sources */,
				A1C38D4F217BCE94002B4995 /* AppDelegate.swift in Sources */,
				A1C38D54217BCE94002B4995 /* TranslateBar.xcdatamodeld in Sources */,
			);
			runOnlyForDeploymentPostprocessing = 0;
		};
		A1C38D5C217BCE95002B4995 /* Sources */ = {
			isa = PBXSourcesBuildPhase;
			buildActionMask = 2147483647;
			files = (
				A1C38D65217BCE95002B4995 /* TranslateBarTests.swift in Sources */,
			);
			runOnlyForDeploymentPostprocessing = 0;
		};
/* End PBXSourcesBuildPhase section */

/* Begin PBXTargetDependency section */
		A1C38D62217BCE95002B4995 /* PBXTargetDependency */ = {
			isa = PBXTargetDependency;
			target = A1C38D4A217BCE94002B4995 /* TranslateBar */;
			targetProxy = A1C38D61217BCE95002B4995 /* PBXContainerItemProxy */;
		};
/* End PBXTargetDependency section */

/* Begin PBXVariantGroup section */
		A1C38D57217BCE95002B4995 /* Main.storyboard */ = {
			isa = PBXVariantGroup;
			children = (
				A1C38D58217BCE95002B4995 /* Base */,
			);
			name = Main.storyboard;
			sourceTree = "<group>";
		};
/* End PBXVariantGroup section */

/* Begin XCBuildConfiguration section */
		A1C38D67217BCE95002B4995 /* Debug */ = {
			isa = XCBuildConfiguration;
			buildSettings = {
				ALWAYS_SEARCH_USER_PATHS = NO;
				CLANG_ANALYZER_NONNULL = YES;
				CLANG_ANALYZER_NUMBER_OBJECT_CONVERSION = YES_AGGRESSIVE;
				CLANG_CXX_LANGUAGE_STANDARD = "gnu++14";
				CLANG_CXX_LIBRARY = "libc++";
				CLANG_ENABLE_MODULES = YES;
				CLANG_ENABLE_OBJC_ARC = YES;
				CLANG_ENABLE_OBJC_WEAK = YES;
				CLANG_WARN_BLOCK_CAPTURE_AUTORELEASING = YES;
				CLANG_WARN_BOOL_CONVERSION = YES;
				CLANG_WARN_COMMA = YES;
				CLANG_WARN_CONSTANT_CONVERSION = YES;
				CLANG_WARN_DEPRECATED_OBJC_IMPLEMENTATIONS = YES;
				CLANG_WARN_DIRECT_OBJC_ISA_USAGE = YES_ERROR;
				CLANG_WARN_DOCUMENTATION_COMMENTS = YES;
				CLANG_WARN_EMPTY_BODY = YES;
				CLANG_WARN_ENUM_CONVERSION = YES;
				CLANG_WARN_INFINITE_RECURSION = YES;
				CLANG_WARN_INT_CONVERSION = YES;
				CLANG_WARN_NON_LITERAL_NULL_CONVERSION = YES;
				CLANG_WARN_OBJC_IMPLICIT_RETAIN_SELF = YES;
				CLANG_WARN_OBJC_LITERAL_CONVERSION = YES;
				CLANG_WARN_OBJC_ROOT_CLASS = YES_ERROR;
				CLANG_WARN_RANGE_LOOP_ANALYSIS = YES;
				CLANG_WARN_STRICT_PROTOTYPES = YES;
				CLANG_WARN_SUSPICIOUS_MOVE = YES;
				CLANG_WARN_UNGUARDED_AVAILABILITY = YES_AGGRESSIVE;
				CLANG_WARN_UNREACHABLE_CODE = YES;
				CLANG_WARN__DUPLICATE_METHOD_MATCH = YES;
				CODE_SIGN_IDENTITY = "Mac Developer";
				COPY_PHASE_STRIP = NO;
				DEBUG_INFORMATION_FORMAT = dwarf;
				ENABLE_STRICT_OBJC_MSGSEND = YES;
				ENABLE_TESTABILITY = YES;
				GCC_C_LANGUAGE_STANDARD = gnu11;
				GCC_DYNAMIC_NO_PIC = NO;
				GCC_NO_COMMON_BLOCKS = YES;
				GCC_OPTIMIZATION_LEVEL = 0;
				GCC_PREPROCESSOR_DEFINITIONS = (
					"DEBUG=1",
					"$(inherited)",
				);
				GCC_WARN_64_TO_32_BIT_CONVERSION = YES;
				GCC_WARN_ABOUT_RETURN_TYPE = YES_ERROR;
				GCC_WARN_UNDECLARED_SELECTOR = YES;
				GCC_WARN_UNINITIALIZED_AUTOS = YES_AGGRESSIVE;
				GCC_WARN_UNUSED_FUNCTION = YES;
				GCC_WARN_UNUSED_VARIABLE = YES;
				MACOSX_DEPLOYMENT_TARGET = 10.14;
				MTL_ENABLE_DEBUG_INFO = INCLUDE_SOURCE;
				MTL_FAST_MATH = YES;
				ONLY_ACTIVE_ARCH = YES;
				SDKROOT = macosx;
				SWIFT_ACTIVE_COMPILATION_CONDITIONS = DEBUG;
				SWIFT_OPTIMIZATION_LEVEL = "-Onone";
			};
			name = Debug;
		};
		A1C38D68217BCE95002B4995 /* Release */ = {
			isa = XCBuildConfiguration;
			buildSettings = {
				ALWAYS_SEARCH_USER_PATHS = NO;
				CLANG_ANALYZER_NONNULL = YES;
				CLANG_ANALYZER_NUMBER_OBJECT_CONVERSION = YES_AGGRESSIVE;
				CLANG_CXX_LANGUAGE_STANDARD = "gnu++14";
				CLANG_CXX_LIBRARY = "libc++";
				CLANG_ENABLE_MODULES = YES;
				CLANG_ENABLE_OBJC_ARC = YES;
				CLANG_ENABLE_OBJC_WEAK = YES;
				CLANG_WARN_BLOCK_CAPTURE_AUTORELEASING = YES;
				CLANG_WARN_BOOL_CONVERSION = YES;
				CLANG_WARN_COMMA = YES;
				CLANG_WARN_CONSTANT_CONVERSION = YES;
				CLANG_WARN_DEPRECATED_OBJC_IMPLEMENTATIONS = YES;
				CLANG_WARN_DIRECT_OBJC_ISA_USAGE = YES_ERROR;
				CLANG_WARN_DOCUMENTATION_COMMENTS = YES;
				CLANG_WARN_EMPTY_BODY = YES;
				CLANG_WARN_ENUM_CONVERSION = YES;
				CLANG_WARN_INFINITE_RECURSION = YES;
				CLANG_WARN_INT_CONVERSION = YES;
				CLANG_WARN_NON_LITERAL_NULL_CONVERSION = YES;
				CLANG_WARN_OBJC_IMPLICIT_RETAIN_SELF = YES;
				CLANG_WARN_OBJC_LITERAL_CONVERSION = YES;
				CLANG_WARN_OBJC_ROOT_CLASS = YES_ERROR;
				CLANG_WARN_RANGE_LOOP_ANALYSIS = YES;
				CLANG_WARN_STRICT_PROTOTYPES = YES;
				CLANG_WARN_SUSPICIOUS_MOVE = YES;
				CLANG_WARN_UNGUARDED_AVAILABILITY = YES_AGGRESSIVE;
				CLANG_WARN_UNREACHABLE_CODE = YES;
				CLANG_WARN__DUPLICATE_METHOD_MATCH = YES;
				CODE_SIGN_IDENTITY = "Mac Developer";
				COPY_PHASE_STRIP = NO;
				DEBUG_INFORMATION_FORMAT = "dwarf-with-dsym";
				ENABLE_NS_ASSERTIONS = NO;
				ENABLE_STRICT_OBJC_MSGSEND = YES;
				GCC_C_LANGUAGE_STANDARD = gnu11;
				GCC_NO_COMMON_BLOCKS = YES;
				GCC_WARN_64_TO_32_BIT_CONVERSION = YES;
				GCC_WARN_ABOUT_RETURN_TYPE = YES_ERROR;
				GCC_WARN_UNDECLARED_SELECTOR = YES;
				GCC_WARN_UNINITIALIZED_AUTOS = YES_AGGRESSIVE;
				GCC_WARN_UNUSED_FUNCTION = YES;
				GCC_WARN_UNUSED_VARIABLE = YES;
				MACOSX_DEPLOYMENT_TARGET = 10.14;
				MTL_ENABLE_DEBUG_INFO = NO;
				MTL_FAST_MATH = YES;
				SDKROOT = macosx;
				SWIFT_COMPILATION_MODE = wholemodule;
				SWIFT_OPTIMIZATION_LEVEL = "-O";
			};
			name = Release;
		};
		A1C38D6A217BCE95002B4995 /* Debug */ = {
			isa = XCBuildConfiguration;
			baseConfigurationReference = E6CBB06E337AE4525FB78EED /* Pods-TranslateBar.debug.xcconfig */;
			buildSettings = {
				ASSETCATALOG_COMPILER_APPICON_NAME = AppIcon;
				CODE_SIGN_ENTITLEMENTS = TranslateBar/TranslateBar.entitlements;
				CODE_SIGN_STYLE = Automatic;
				COMBINE_HIDPI_IMAGES = YES;
				DEVELOPMENT_TEAM = EX9Z9UFRL5;
				INFOPLIST_FILE = TranslateBar/Info.plist;
				LD_RUNPATH_SEARCH_PATHS = (
					"$(inherited)",
					"@executable_path/../Frameworks",
				);
				PRODUCT_BUNDLE_IDENTIFIER = ru.artembobrov.TranslateBar;
				PRODUCT_NAME = "$(TARGET_NAME)";
				SWIFT_VERSION = 4.2;
			};
			name = Debug;
		};
		A1C38D6B217BCE95002B4995 /* Release */ = {
			isa = XCBuildConfiguration;
			baseConfigurationReference = 5603A2F3FB34E27C5EEAD0A8 /* Pods-TranslateBar.release.xcconfig */;
			buildSettings = {
				ASSETCATALOG_COMPILER_APPICON_NAME = AppIcon;
				CODE_SIGN_ENTITLEMENTS = TranslateBar/TranslateBar.entitlements;
				CODE_SIGN_STYLE = Automatic;
				COMBINE_HIDPI_IMAGES = YES;
				DEVELOPMENT_TEAM = EX9Z9UFRL5;
				INFOPLIST_FILE = TranslateBar/Info.plist;
				LD_RUNPATH_SEARCH_PATHS = (
					"$(inherited)",
					"@executable_path/../Frameworks",
				);
				PRODUCT_BUNDLE_IDENTIFIER = ru.artembobrov.TranslateBar;
				PRODUCT_NAME = "$(TARGET_NAME)";
				SWIFT_VERSION = 4.2;
			};
			name = Release;
		};
		A1C38D6D217BCE95002B4995 /* Debug */ = {
			isa = XCBuildConfiguration;
			baseConfigurationReference = 91D99F40A55F48D092E9961E /* Pods-TranslateBarTests.debug.xcconfig */;
			buildSettings = {
				ALWAYS_EMBED_SWIFT_STANDARD_LIBRARIES = YES;
				BUNDLE_LOADER = "$(TEST_HOST)";
				CODE_SIGN_STYLE = Automatic;
				COMBINE_HIDPI_IMAGES = YES;
				DEVELOPMENT_TEAM = EX9Z9UFRL5;
				INFOPLIST_FILE = TranslateBarTests/Info.plist;
				LD_RUNPATH_SEARCH_PATHS = (
					"$(inherited)",
					"@executable_path/../Frameworks",
					"@loader_path/../Frameworks",
				);
				PRODUCT_BUNDLE_IDENTIFIER = ru.artembobrov.TranslateBarTests;
				PRODUCT_NAME = "$(TARGET_NAME)";
				SWIFT_VERSION = 4.2;
				TEST_HOST = "$(BUILT_PRODUCTS_DIR)/TranslateBar.app/Contents/MacOS/TranslateBar";
			};
			name = Debug;
		};
		A1C38D6E217BCE95002B4995 /* Release */ = {
			isa = XCBuildConfiguration;
			baseConfigurationReference = 45D88CE1547694DA55AB519F /* Pods-TranslateBarTests.release.xcconfig */;
			buildSettings = {
				ALWAYS_EMBED_SWIFT_STANDARD_LIBRARIES = YES;
				BUNDLE_LOADER = "$(TEST_HOST)";
				CODE_SIGN_STYLE = Automatic;
				COMBINE_HIDPI_IMAGES = YES;
				DEVELOPMENT_TEAM = EX9Z9UFRL5;
				INFOPLIST_FILE = TranslateBarTests/Info.plist;
				LD_RUNPATH_SEARCH_PATHS = (
					"$(inherited)",
					"@executable_path/../Frameworks",
					"@loader_path/../Frameworks",
				);
				PRODUCT_BUNDLE_IDENTIFIER = ru.artembobrov.TranslateBarTests;
				PRODUCT_NAME = "$(TARGET_NAME)";
				SWIFT_VERSION = 4.2;
				TEST_HOST = "$(BUILT_PRODUCTS_DIR)/TranslateBar.app/Contents/MacOS/TranslateBar";
			};
			name = Release;
		};
/* End XCBuildConfiguration section */

/* Begin XCConfigurationList section */
		A1C38D46217BCE94002B4995 /* Build configuration list for PBXProject "TranslateBar" */ = {
			isa = XCConfigurationList;
			buildConfigurations = (
				A1C38D67217BCE95002B4995 /* Debug */,
				A1C38D68217BCE95002B4995 /* Release */,
			);
			defaultConfigurationIsVisible = 0;
			defaultConfigurationName = Release;
		};
		A1C38D69217BCE95002B4995 /* Build configuration list for PBXNativeTarget "TranslateBar" */ = {
			isa = XCConfigurationList;
			buildConfigurations = (
				A1C38D6A217BCE95002B4995 /* Debug */,
				A1C38D6B217BCE95002B4995 /* Release */,
			);
			defaultConfigurationIsVisible = 0;
			defaultConfigurationName = Release;
		};
		A1C38D6C217BCE95002B4995 /* Build configuration list for PBXNativeTarget "TranslateBarTests" */ = {
			isa = XCConfigurationList;
			buildConfigurations = (
				A1C38D6D217BCE95002B4995 /* Debug */,
				A1C38D6E217BCE95002B4995 /* Release */,
			);
			defaultConfigurationIsVisible = 0;
			defaultConfigurationName = Release;
		};
/* End XCConfigurationList section */

/* Begin XCVersionGroup section */
		A1C38D52217BCE94002B4995 /* TranslateBar.xcdatamodeld */ = {
			isa = XCVersionGroup;
			children = (
				A1C38D53217BCE94002B4995 /* TranslateBar.xcdatamodel */,
			);
			currentVersion = A1C38D53217BCE94002B4995 /* TranslateBar.xcdatamodel */;
			path = TranslateBar.xcdatamodeld;
			sourceTree = "<group>";
			versionGroupType = wrapper.xcdatamodel;
		};
/* End XCVersionGroup section */
	};
	rootObject = A1C38D43217BCE94002B4995 /* Project object */;
}
